<?xml version="1.0" encoding="utf-8"?>
<Project ToolsVersion="4.0" xmlns="http://schemas.microsoft.com/developer/msbuild/2003">
  <ItemGroup>
    <Filter Include="Source Files">
      <UniqueIdentifier>{4FC737F1-C7A5-4376-A066-2A32D752A2FF}</UniqueIdentifier>
      <Extensions>cpp;c;cc;cxx;def;odl;idl;hpj;bat;asm;asmx</Extensions>
    </Filter>
    <Filter Include="Header Files">
      <UniqueIdentifier>{93995380-89BD-4b04-88EB-625FBE52EBFB}</UniqueIdentifier>
      <Extensions>h;hpp;hxx;hm;inl;inc;xsd</Extensions>
    </Filter>
    <Filter Include="Resource Files">
      <UniqueIdentifier>{67DA6AB6-F800-4c08-8B7A-83BB121AAD01}</UniqueIdentifier>
      <Extensions>rc;ico;cur;bmp;dlg;rc2;rct;bin;rgs;gif;jpg;jpeg;jpe;resx;tiff;tif;png;wav;mfcribbon-ms</Extensions>
    </Filter>
    <Filter Include="Header Files\win32++">
      <UniqueIdentifier>{a5733be4-80e2-4b54-8b4a-3f598456a8a7}</UniqueIdentifier>
    </Filter>
  </ItemGroup>
  <ItemGroup>
    <Text Include="ReadMe.txt" />
  </ItemGroup>
  <ItemGroup>
    <ClInclude Include="targetver.h">
      <Filter>Header Files</Filter>
    </ClInclude>
    <ClInclude Include="Resource.h">
      <Filter>Header Files</Filter>
    </ClInclude>
    <ClInclude Include="TrayApp.h">
      <Filter>Header Files</Filter>
    </ClInclude>
    <ClInclude Include="stdafx.h">
      <Filter>Header Files</Filter>
    </ClInclude>
    <ClInclude Include="TrayPopup.h">
      <Filter>Header Files</Filter>
    </ClInclude>
    <ClInclude Include="TrayIconPosition.h">
      <Filter>Header Files</Filter>
    </ClInclude>
    <ClInclude Include="Time.h">
      <Filter>Header Files</Filter>
    </ClInclude>
    <ClInclude Include="..\w32pp\include\controls.h">
      <Filter>Header Files\win32++</Filter>
    </ClInclude>
    <ClInclude Include="..\w32pp\include\cstring.h">
      <Filter>Header Files\win32++</Filter>
    </ClInclude>
    <ClInclude Include="..\w32pp\include\dialog.h">
      <Filter>Header Files\win32++</Filter>
    </ClInclude>
    <ClInclude Include="..\w32pp\include\docking.h">
      <Filter>Header Files\win32++</Filter>
    </ClInclude>
    <ClInclude Include="..\w32pp\include\file.h">
      <Filter>Header Files\win32++</Filter>
    </ClInclude>
    <ClInclude Include="..\w32pp\include\frame.h">
      <Filter>Header Files\win32++</Filter>
    </ClInclude>
    <ClInclude Include="..\w32pp\include\gdi.h">
      <Filter>Header Files\win32++</Filter>
    </ClInclude>
    <ClInclude Include="..\w32pp\include\listview.h">
      <Filter>Header Files\win32++</Filter>
    </ClInclude>
    <ClInclude Include="..\w32pp\include\mdi.h">
      <Filter>Header Files\win32++</Filter>
    </ClInclude>
    <ClInclude Include="..\w32pp\include\menu.h">
      <Filter>Header Files\win32++</Filter>
    </ClInclude>
    <ClInclude Include="..\w32pp\include\propertysheet.h">
      <Filter>Header Files\win32++</Filter>
    </ClInclude>
    <ClInclude Include="..\w32pp\include\rebar.h">
      <Filter>Header Files\win32++</Filter>
    </ClInclude>
    <ClInclude Include="..\w32pp\include\ribbon.h">
      <Filter>Header Files\win32++</Filter>
    </ClInclude>
    <ClInclude Include="..\w32pp\include\shared_ptr.h">
      <Filter>Header Files\win32++</Filter>
    </ClInclude>
    <ClInclude Include="..\w32pp\include\socket.h">
      <Filter>Header Files\win32++</Filter>
    </ClInclude>
    <ClInclude Include="..\w32pp\include\statusbar.h">
      <Filter>Header Files\win32++</Filter>
    </ClInclude>
    <ClInclude Include="..\w32pp\include\stdcontrols.h">
      <Filter>Header Files\win32++</Filter>
    </ClInclude>
    <ClInclude Include="..\w32pp\include\tab.h">
      <Filter>Header Files\win32++</Filter>
    </ClInclude>
    <ClInclude Include="..\w32pp\include\taskdialog.h">
      <Filter>Header Files\win32++</Filter>
    </ClInclude>
    <ClInclude Include="..\w32pp\include\thread.h">
      <Filter>Header Files\win32++</Filter>
    </ClInclude>
    <ClInclude Include="..\w32pp\include\toolbar.h">
      <Filter>Header Files\win32++</Filter>
    </ClInclude>
    <ClInclude Include="..\w32pp\include\treeview.h">
      <Filter>Header Files\win32++</Filter>
    </ClInclude>
    <ClInclude Include="..\w32pp\include\wceframe.h">
      <Filter>Header Files\win32++</Filter>
    </ClInclude>
    <ClInclude Include="..\w32pp\include\wcestddef.h">
      <Filter>Header Files\win32++</Filter>
    </ClInclude>
    <ClInclude Include="..\w32pp\include\webbrowser.h">
      <Filter>Header Files\win32++</Filter>
    </ClInclude>
    <ClInclude Include="..\w32pp\include\wincore.h">
      <Filter>Header Files\win32++</Filter>
    </ClInclude>
    <ClInclude Include="..\w32pp\include\winutils.h">
      <Filter>Header Files\win32++</Filter>
    </ClInclude>
    <ClInclude Include="Hyperlink.h">
      <Filter>Header Files</Filter>
    </ClInclude>
    <ClInclude Include="SysFont.h">
      <Filter>Header Files</Filter>
    </ClInclude>
    <ClInclude Include="LogWindow.h">
      <Filter>Header Files</Filter>
    </ClInclude>
    <ClInclude Include="LoggerContext.h">
      <Filter>Header Files</Filter>
    </ClInclude>
    <ClInclude Include="LogItem.h">
      <Filter>Header Files</Filter>
    </ClInclude>
    <ClInclude Include="OwnerDrawnListBox.h">
      <Filter>Header Files</Filter>
    </ClInclude>
    <ClInclude Include="NamedPipe.h">
      <Filter>Header Files</Filter>
    </ClInclude>
  </ItemGroup>
  <ItemGroup>
    <ClCompile Include="TrayApp.cpp">
      <Filter>Source Files</Filter>
    </ClCompile>
    <ClCompile Include="StdAfx.cpp">
      <Filter>Source Files</Filter>
    </ClCompile>
    <ClCompile Include="WinMain.cpp">
      <Filter>Source Files</Filter>
    </ClCompile>
    <ClCompile Include="TrayPopup.cpp">
      <Filter>Source Files</Filter>
    </ClCompile>
    <ClCompile Include="TrayIconPosition.cpp">
      <Filter>Source Files</Filter>
    </ClCompile>
    <ClCompile Include="Hyperlink.cpp">
      <Filter>Source Files</Filter>
    </ClCompile>
    <ClCompile Include="SysFont.cpp">
      <Filter>Source Files</Filter>
    </ClCompile>
    <ClCompile Include="LogWindow.cpp">
      <Filter>Source Files</Filter>
    </ClCompile>
    <ClCompile Include="OwnerDrawnListBox.cpp">
      <Filter>Source Files</Filter>
    </ClCompile>
    <ClCompile Include="LoggerContext.cpp">
      <Filter>Source Files</Filter>
    </ClCompile>
    <ClCompile Include="NamedPipe.cpp">
      <Filter>Source Files</Filter>
    </ClCompile>
  </ItemGroup>
  <ItemGroup>
    <ResourceCompile Include="Resource.rc">
      <Filter>Resource Files</Filter>
    </ResourceCompile>
  </ItemGroup>
  <ItemGroup>
    <Image Include="res\icon1.ico">
      <Filter>Resource Files</Filter>
    </Image>
    <Image Include="res\blank1.ico">
      <Filter>Resource Files</Filter>
    </Image>
    <Image Include="res\star.ico">
      <Filter>Resource Files</Filter>
    </Image>
  </ItemGroup>
</Project>